
Microsoft Visual Studio Solution File, Format Version 12.00
# Visual Studio 15
VisualStudioVersion = 15.0.28307.572
MinimumVisualStudioVersion = 10.0.40219.1
Project("{FAE04EC0-301F-11D3-BF4B-00C04F79EFBC}") = "PatientManagement", "PatientManagement\PatientManagement.csproj", "{AA3A6B4E-CD8D-4758-A3EB-E577BBD91B4D}"
EndProject
Global
	GlobalSection(SolutionConfigurationPlatforms) = preSolution
		Debug|Any CPU = Debug|Any CPU
		Release|Any CPU = Release|Any CPU
	EndGlobalSection
	GlobalSection(ProjectConfigurationPlatforms) = postSolution
		{AA3A6B4E-CD8D-4758-A3EB-E577BBD91B4D}.Debug|Any CPU.ActiveCfg = Debug|Any CPU
		{AA3A6B4E-CD8D-4758-A3EB-E577BBD91B4D}.Debug|Any CPU.Build.0 = Debug|Any CPU
		{AA3A6B4E-CD8D-4758-A3EB-E577BBD91B4D}.Release|Any CPU.ActiveCfg = Release|Any CPU
		{AA3A6B4E-CD8D-4758-A3EB-E577BBD91B4D}.Release|Any CPU.Build.0 = Release|Any CPU
	EndGlobalSection
	GlobalSection(SolutionProperties) = preSolution
		HideSolutionNode = FALSE
	EndGlobalSection
	GlobalSection(ExtensibilityGlobals) = postSolution
		SolutionGuid = {8F75B0D7-A86B-4785-BAF3-A50A4D0DC8F9}
	EndGlobalSection
EndGlobal
